
Microsoft Visual Studio Solution File, Format Version 12.00
# Visual Studio Version 17
VisualStudioVersion = 17.3.32922.545
MinimumVisualStudioVersion = 10.0.40219.1
Project("{FAE04EC0-301F-11D3-BF4B-00C04F79EFBC}") = "DTEngine", "DTEngine.csproj", "{3D790619-BC59-4A61-8A2E-A64BEF45DB05}"
EndProject
Global
	GlobalSection(SolutionConfigurationPlatforms) = preSolution
		Debug|Any CPU = Debug|Any CPU
		Release|Any CPU = Release|Any CPU
	EndGlobalSection
	GlobalSection(ProjectConfigurationPlatforms) = postSolution
		{3D790619-BC59-4A61-8A2E-A64BEF45DB05}.Debug|Any CPU.ActiveCfg = Debug|Any CPU
		{3D790619-BC59-4A61-8A2E-A64BEF45DB05}.Debug|Any CPU.Build.0 = Debug|Any CPU
		{3D790619-BC59-4A61-8A2E-A64BEF45DB05}.Release|Any CPU.ActiveCfg = Release|Any CPU
		{3D790619-BC59-4A61-8A2E-A64BEF45DB05}.Release|Any CPU.Build.0 = Release|Any CPU
	EndGlobalSection
	GlobalSection(SolutionProperties) = preSolution
		HideSolutionNode = FALSE
	EndGlobalSection
	GlobalSection(ExtensibilityGlobals) = postSolution
		SolutionGuid = {E36F407F-8884-463C-A833-F3AB2B03DC18}
	EndGlobalSection
EndGlobal
